{
  "name": "rosbags",
  "version": "0.0.1",
  "lockfileVersion": 3,
  "requires": true,
  "packages": {
    "": {
      "name": "rosbags",
      "version": "0.0.1",
      "license": "Apache-2.0",
      "devDependencies": {
        "rosbag": "^4.0.1"
      }
    },
    "node_modules/base64-js": {
      "version": "1.5.1",
      "resolved": "https://registry.npmjs.org/base64-js/-/base64-js-1.5.1.tgz",
      "integrity": "sha512-AKpaYlHn8t4SVbOHCy+b5+KKgvR4vrsD8vbvrbiQJps7fKDTkjkDry6ji0rUJjC0kzbNePLwzxq8iypo41qeWA==",
      "dev": true,
      "funding": [
        {
          "type": "github",
          "url": "https://github.com/sponsors/feross"
        },
        {
          "type": "patreon",
          "url": "https://www.patreon.com/feross"
        },
        {
          "type": "consulting",
          "url": "https://feross.org/support"
        }
      ],
      "license": "MIT"
    },
    "node_modules/buffer": {
      "version": "6.0.3",
      "resolved": "https://registry.npmjs.org/buffer/-/buffer-6.0.3.tgz",
      "integrity": "sha512-FTiCpNxtwiZZHEZbcbTIcZjERVICn9yq/pDFkTl95/AxzD1naBctN7YO68riM/gLSDY7sdrMby8hofADYuuqOA==",
      "dev": true,
      "funding": [
        {
          "type": "github",
          "url": "https://github.com/sponsors/feross"
        },
        {
          "type": "patreon",
          "url": "https://www.patreon.com/feross"
        },
        {
          "type": "consulting",
          "url": "https://feross.org/support"
        }
      ],
      "license": "MIT",
      "dependencies": {
        "base64-js": "^1.3.1",
        "ieee754": "^1.2.1"
      }
    },
    "node_modules/heap": {
      "version": "0.2.7",
      "resolved": "https://registry.npmjs.org/heap/-/heap-0.2.7.tgz",
      "integrity": "sha512-2bsegYkkHO+h/9MGbn6KWcE45cHZgPANo5LXF7EvWdT0yT2EguSVO1nDgU5c8+ZOPwp2vMNa7YFsJhVcDR9Sdg==",
      "dev": true,
      "license": "MIT"
    },
    "node_modules/ieee754": {
      "version": "1.2.1",
      "resolved": "https://registry.npmjs.org/ieee754/-/ieee754-1.2.1.tgz",
      "integrity": "sha512-dcyqhDvX1C46lXZcVqCpK+FtMRQVdIMN6/Df5js2zouUsqG7I6sFxitIC+7KYK29KdXOLHdu9zL4sFnoVQnqaA==",
      "dev": true,
      "funding": [
        {
          "type": "github",
          "url": "https://github.com/sponsors/feross"
        },
        {
          "type": "patreon",
          "url": "https://www.patreon.com/feross"
        },
        {
          "type": "consulting",
          "url": "https://feross.org/support"
        }
      ],
      "license": "BSD-3-Clause"
    },
    "node_modules/int53": {
      "version": "1.0.0",
      "resolved": "https://registry.npmjs.org/int53/-/int53-1.0.0.tgz",
      "integrity": "sha512-u8BMiMa05OPBgd32CKTead0CVTsFVgwFk23nNXo1teKPF6Sxcu0lXxEzP//zTcaKzXbGgPDXGmj/woyv+I4C5w==",
      "dev": true,
      "license": "BSD-3-Clause"
    },
    "node_modules/rosbag": {
      "version": "4.0.1",
      "resolved": "https://registry.npmjs.org/rosbag/-/rosbag-4.0.1.tgz",
      "integrity": "sha512-lrGJVeEk6gsNcK3/ZdkdiAh6VjETvS4zStDKx6rvQY8J/b4Zn+aoVh+QzzIu5ni0wQP2B/c5V0ICpYP/5h6l3w==",
      "dev": true,
      "license": "Apache-2.0",
      "dependencies": {
        "buffer": "6.0.3",
        "heap": "0.2.7",
        "int53": "1.0.0"
      },
      "engines": {
        "node": ">=14.0.0"
      }
    }
  }
}
